{
  "nodes": {
    "home-manager": {
      "inputs": {
        "nixpkgs": [
          "nixpkgs"
        ]
      },
      "locked": {
        "lastModified": 1746631622,
        "narHash": "sha256-ditTE7+Mi9m/Zn3OUJy9tTr1Dj08JemLB+/9ji/PlQ4=",
        "owner": "nix-community",
        "repo": "home-manager",
        "rev": "f3384e688da328fcec78c6a437566b40fd6f8a18",
        "type": "github"
      },
      "original": {
        "owner": "nix-community",
        "repo": "home-manager",
        "type": "github"
      }
    },
    "home-manager_2": {
      "inputs": {
        "nixpkgs": [
          "zen-browser",
          "nixpkgs"
        ]
      },
      "locked": {
        "lastModified": 1743604125,
        "narHash": "sha256-ZD61DNbsBt1mQbinAaaEqKaJk2RFo9R/j+eYWeGMx7A=",
        "owner": "nix-community",
        "repo": "home-manager",
        "rev": "180fd43eea296e62ae68e079fcf56aba268b9a1a",
        "type": "github"
      },
      "original": {
        "owner": "nix-community",
        "repo": "home-manager",
        "type": "github"
      }
    },
    "nixpkgs": {
      "locked": {
        "lastModified": 1746461020,
        "narHash": "sha256-7+pG1I9jvxNlmln4YgnlW4o+w0TZX24k688mibiFDUE=",
        "owner": "NixOS",
        "repo": "nixpkgs",
        "rev": "3730d8a308f94996a9ba7c7138ede69c1b9ac4ae",
        "type": "github"
      },
      "original": {
        "owner": "NixOS",
        "ref": "nixos-unstable",
        "repo": "nixpkgs",
        "type": "github"
      }
    },
    "nixpkgs_2": {
      "locked": {
        "lastModified": 1743448293,
        "narHash": "sha256-bmEPmSjJakAp/JojZRrUvNcDX2R5/nuX6bm+seVaGhs=",
        "owner": "nixos",
        "repo": "nixpkgs",
        "rev": "77b584d61ff80b4cef9245829a6f1dfad5afdfa3",
        "type": "github"
      },
      "original": {
        "owner": "nixos",
        "ref": "nixos-unstable",
        "repo": "nixpkgs",
        "type": "github"
      }
    },
    "root": {
      "inputs": {
        "home-manager": "home-manager",
        "nixpkgs": "nixpkgs",
        "secrets": "secrets",
        "zen-browser": "zen-browser"
      }
    },
    "secrets": {
      "locked": {
        "lastModified": 1746629603,
        "narHash": "sha256-thH1r0HzjPvxBg/BEi8pcdLXB6WHgrIa8nhCwt3wsio=",
        "ref": "refs/heads/master",
        "rev": "5f94899adf583a222ecb1bc308d349409dc75d1e",
        "revCount": 39,
        "type": "git",
        "url": "ssh://git@github.com/8Vinso8/secrets.git"
      },
      "original": {
        "type": "git",
        "url": "ssh://git@github.com/8Vinso8/secrets.git"
      }
    },
    "zen-browser": {
      "inputs": {
        "home-manager": "home-manager_2",
        "nixpkgs": "nixpkgs_2"
      },
      "locked": {
        "lastModified": 1746609688,
        "narHash": "sha256-OPHKS3C40J8GXN7o/PhLTp5wPsrZKnMPpzq/H4Zu8V8=",
        "owner": "0xc000022070",
        "repo": "zen-browser-flake",
        "rev": "dd9f476d5732c27673dc67cdb03e05065cc6d644",
        "type": "github"
      },
      "original": {
        "owner": "0xc000022070",
        "repo": "zen-browser-flake",
        "type": "github"
      }
    }
  },
  "root": "root",
  "version": 7
}
